// !$*UTF8*$!
{
	archiveVersion = 1;
	classes = {
	};
	objectVersion = 55;
	objects = {

/* Begin PBXBuildFile section */
		1155EEF827A654DA00579A03 /* url_holderApp.swift in Sources */ = {isa = PBXBuildFile; fileRef = 1155EEF727A654DA00579A03 /* url_holderApp.swift */; };
		1155EEFA27A654DA00579A03 /* URLListView.swift in Sources */ = {isa = PBXBuildFile; fileRef = 1155EEF927A654DA00579A03 /* URLListView.swift */; };
		1155EEFC27A654DB00579A03 /* Assets.xcassets in Resources */ = {isa = PBXBuildFile; fileRef = 1155EEFB27A654DB00579A03 /* Assets.xcassets */; };
		1155EEFF27A654DB00579A03 /* Preview Assets.xcassets in Resources */ = {isa = PBXBuildFile; fileRef = 1155EEFE27A654DB00579A03 /* Preview Assets.xcassets */; };
		1155EF0627A6550700579A03 /* Site+mocks.swift in Sources */ = {isa = PBXBuildFile; fileRef = 1155EF0527A6550700579A03 /* Site+mocks.swift */; };
		1155EF0A27A6566800579A03 /* URLImage.swift in Sources */ = {isa = PBXBuildFile; fileRef = 1155EF0927A6566800579A03 /* URLImage.swift */; };
		1155EF0D27A65BD700579A03 /* OpenGraph in Frameworks */ = {isa = PBXBuildFile; productRef = 1155EF0C27A65BD700579A03 /* OpenGraph */; };
		1155EF0F27A65C3A00579A03 /* SiteItem.swift in Sources */ = {isa = PBXBuildFile; fileRef = 1155EF0E27A65C3A00579A03 /* SiteItem.swift */; };
		1155EF1127A66DF600579A03 /* SiteData.swift in Sources */ = {isa = PBXBuildFile; fileRef = 1155EF1027A66DF600579A03 /* SiteData.swift */; };
		1155EF1927A6A53D00579A03 /* LoadingIndicator.swift in Sources */ = {isa = PBXBuildFile; fileRef = 1155EF1827A6A53D00579A03 /* LoadingIndicator.swift */; };
		11C8D6C527A6C95A00639B99 /* GroupListView.swift in Sources */ = {isa = PBXBuildFile; fileRef = 11C8D6C427A6C95A00639B99 /* GroupListView.swift */; };
/* End PBXBuildFile section */

/* Begin PBXFileReference section */
		1155EEF427A654DA00579A03 /* url-holder.app */ = {isa = PBXFileReference; explicitFileType = wrapper.application; includeInIndex = 0; path = "url-holder.app"; sourceTree = BUILT_PRODUCTS_DIR; };
		1155EEF727A654DA00579A03 /* url_holderApp.swift */ = {isa = PBXFileReference; lastKnownFileType = sourcecode.swift; path = url_holderApp.swift; sourceTree = "<group>"; };
		1155EEF927A654DA00579A03 /* URLListView.swift */ = {isa = PBXFileReference; lastKnownFileType = sourcecode.swift; path = URLListView.swift; sourceTree = "<group>"; };
		1155EEFB27A654DB00579A03 /* Assets.xcassets */ = {isa = PBXFileReference; lastKnownFileType = folder.assetcatalog; path = Assets.xcassets; sourceTree = "<group>"; };
		1155EEFE27A654DB00579A03 /* Preview Assets.xcassets */ = {isa = PBXFileReference; lastKnownFileType = folder.assetcatalog; path = "Preview Assets.xcassets"; sourceTree = "<group>"; };
		1155EF0527A6550700579A03 /* Site+mocks.swift */ = {isa = PBXFileReference; lastKnownFileType = sourcecode.swift; path = "Site+mocks.swift"; sourceTree = "<group>"; };
		1155EF0927A6566800579A03 /* URLImage.swift */ = {isa = PBXFileReference; lastKnownFileType = sourcecode.swift; path = URLImage.swift; sourceTree = "<group>"; };
		1155EF0E27A65C3A00579A03 /* SiteItem.swift */ = {isa = PBXFileReference; lastKnownFileType = sourcecode.swift; path = SiteItem.swift; sourceTree = "<group>"; };
		1155EF1027A66DF600579A03 /* SiteData.swift */ = {isa = PBXFileReference; lastKnownFileType = sourcecode.swift; path = SiteData.swift; sourceTree = "<group>"; };
		1155EF1827A6A53D00579A03 /* LoadingIndicator.swift */ = {isa = PBXFileReference; lastKnownFileType = sourcecode.swift; path = LoadingIndicator.swift; sourceTree = "<group>"; };
		11C8D6C427A6C95A00639B99 /* GroupListView.swift */ = {isa = PBXFileReference; lastKnownFileType = sourcecode.swift; path = GroupListView.swift; sourceTree = "<group>"; };
/* End PBXFileReference section */

/* Begin PBXFrameworksBuildPhase section */
		1155EEF127A654DA00579A03 /* Frameworks */ = {
			isa = PBXFrameworksBuildPhase;
			buildActionMask = 2147483647;
			files = (
				1155EF0D27A65BD700579A03 /* OpenGraph in Frameworks */,
			);
			runOnlyForDeploymentPostprocessing = 0;
		};
/* End PBXFrameworksBuildPhase section */

/* Begin PBXGroup section */
		1155EEEB27A654DA00579A03 = {
			isa = PBXGroup;
			children = (
				1155EEF627A654DA00579A03 /* url-holder */,
				1155EEF527A654DA00579A03 /* Products */,
			);
			sourceTree = "<group>";
		};
		1155EEF527A654DA00579A03 /* Products */ = {
			isa = PBXGroup;
			children = (
				1155EEF427A654DA00579A03 /* url-holder.app */,
			);
			name = Products;
			sourceTree = "<group>";
		};
		1155EEF627A654DA00579A03 /* url-holder */ = {
			isa = PBXGroup;
			children = (
				11C8D6C327A6B1E900639B99 /* Components */,
				1155EF1527A6925500579A03 /* Views */,
				1155EF1227A66E1100579A03 /* Models */,
				1155EEFB27A654DB00579A03 /* Assets.xcassets */,
				1155EEF727A654DA00579A03 /* url_holderApp.swift */,
				1155EEFD27A654DB00579A03 /* Preview Content */,
			);
			path = "url-holder";
			sourceTree = "<group>";
		};
		1155EEFD27A654DB00579A03 /* Preview Content */ = {
			isa = PBXGroup;
			children = (
				1155EF0827A6554B00579A03 /* Mocks */,
				1155EEFE27A654DB00579A03 /* Preview Assets.xcassets */,
			);
			path = "Preview Content";
			sourceTree = "<group>";
		};
		1155EF0827A6554B00579A03 /* Mocks */ = {
			isa = PBXGroup;
			children = (
				1155EF0527A6550700579A03 /* Site+mocks.swift */,
			);
			path = Mocks;
			sourceTree = "<group>";
		};
		1155EF1227A66E1100579A03 /* Models */ = {
			isa = PBXGroup;
			children = (
				1155EF1027A66DF600579A03 /* SiteData.swift */,
			);
			path = Models;
			sourceTree = "<group>";
		};
		1155EF1527A6925500579A03 /* Views */ = {
			isa = PBXGroup;
			children = (
				1155EEF927A654DA00579A03 /* URLListView.swift */,
				11C8D6C427A6C95A00639B99 /* GroupListView.swift */,
			);
			path = Views;
			sourceTree = "<group>";
		};
		11C8D6C327A6B1E900639B99 /* Components */ = {
			isa = PBXGroup;
			children = (
				1155EF0927A6566800579A03 /* URLImage.swift */,
				1155EF0E27A65C3A00579A03 /* SiteItem.swift */,
				1155EF1827A6A53D00579A03 /* LoadingIndicator.swift */,
			);
			path = Components;
			sourceTree = "<group>";
		};
/* End PBXGroup section */

/* Begin PBXNativeTarget section */
		1155EEF327A654DA00579A03 /* url-holder */ = {
			isa = PBXNativeTarget;
			buildConfigurationList = 1155EF0227A654DB00579A03 /* Build configuration list for PBXNativeTarget "url-holder" */;
			buildPhases = (
				1155EEF027A654DA00579A03 /* Sources */,
				1155EEF127A654DA00579A03 /* Frameworks */,
				1155EEF227A654DA00579A03 /* Resources */,
			);
			buildRules = (
			);
			dependencies = (
			);
			name = "url-holder";
			packageProductDependencies = (
				1155EF0C27A65BD700579A03 /* OpenGraph */,
			);
			productName = "url-holder";
			productReference = 1155EEF427A654DA00579A03 /* url-holder.app */;
			productType = "com.apple.product-type.application";
		};
/* End PBXNativeTarget section */

/* Begin PBXProject section */
		1155EEEC27A654DA00579A03 /* Project object */ = {
			isa = PBXProject;
			attributes = {
				BuildIndependentTargetsInParallel = 1;
				LastSwiftUpdateCheck = 1320;
				LastUpgradeCheck = 1320;
				TargetAttributes = {
					1155EEF327A654DA00579A03 = {
						CreatedOnToolsVersion = 13.2.1;
					};
				};
			};
			buildConfigurationList = 1155EEEF27A654DA00579A03 /* Build configuration list for PBXProject "url-holder" */;
			compatibilityVersion = "Xcode 13.0";
			developmentRegion = en;
			hasScannedForEncodings = 0;
			knownRegions = (
				en,
				Base,
			);
			mainGroup = 1155EEEB27A654DA00579A03;
			packageReferences = (
				1155EF0B27A65BD700579A03 /* XCRemoteSwiftPackageReference "OpenGraph" */,
			);
			productRefGroup = 1155EEF527A654DA00579A03 /* Products */;
			projectDirPath = "";
			projectRoot = "";
			targets = (
				1155EEF327A654DA00579A03 /* url-holder */,
			);
		};
/* End PBXProject section */

/* Begin PBXResourcesBuildPhase section */
		1155EEF227A654DA00579A03 /* Resources */ = {
			isa = PBXResourcesBuildPhase;
			buildActionMask = 2147483647;
			files = (
				1155EEFF27A654DB00579A03 /* Preview Assets.xcassets in Resources */,
				1155EEFC27A654DB00579A03 /* Assets.xcassets in Resources */,
			);
			runOnlyForDeploymentPostprocessing = 0;
		};
/* End PBXResourcesBuildPhase section */

/* Begin PBXSourcesBuildPhase section */
		1155EEF027A654DA00579A03 /* Sources */ = {
			isa = PBXSourcesBuildPhase;
			buildActionMask = 2147483647;
			files = (
				1155EF0F27A65C3A00579A03 /* SiteItem.swift in Sources */,
				1155EEFA27A654DA00579A03 /* URLListView.swift in Sources */,
				11C8D6C527A6C95A00639B99 /* GroupListView.swift in Sources */,
				1155EF1127A66DF600579A03 /* SiteData.swift in Sources */,
				1155EF1927A6A53D00579A03 /* LoadingIndicator.swift in Sources */,
				1155EF0627A6550700579A03 /* Site+mocks.swift in Sources */,
				1155EF0A27A6566800579A03 /* URLImage.swift in Sources */,
				1155EEF827A654DA00579A03 /* url_holderApp.swift in Sources */,
			);
			runOnlyForDeploymentPostprocessing = 0;
		};
/* End PBXSourcesBuildPhase section */

/* Begin XCBuildConfiguration section */
		1155EF0027A654DB00579A03 /* Debug */ = {
			isa = XCBuildConfiguration;
			buildSettings = {
				ALWAYS_SEARCH_USER_PATHS = NO;
				CLANG_ANALYZER_NONNULL = YES;
				CLANG_ANALYZER_NUMBER_OBJECT_CONVERSION = YES_AGGRESSIVE;
				CLANG_CXX_LANGUAGE_STANDARD = "gnu++17";
				CLANG_CXX_LIBRARY = "libc++";
				CLANG_ENABLE_MODULES = YES;
				CLANG_ENABLE_OBJC_ARC = YES;
				CLANG_ENABLE_OBJC_WEAK = YES;
				CLANG_WARN_BLOCK_CAPTURE_AUTORELEASING = YES;
				CLANG_WARN_BOOL_CONVERSION = YES;
				CLANG_WARN_COMMA = YES;
				CLANG_WARN_CONSTANT_CONVERSION = YES;
				CLANG_WARN_DEPRECATED_OBJC_IMPLEMENTATIONS = YES;
				CLANG_WARN_DIRECT_OBJC_ISA_USAGE = YES_ERROR;
				CLANG_WARN_DOCUMENTATION_COMMENTS = YES;
				CLANG_WARN_EMPTY_BODY = YES;
				CLANG_WARN_ENUM_CONVERSION = YES;
				CLANG_WARN_INFINITE_RECURSION = YES;
				CLANG_WARN_INT_CONVERSION = YES;
				CLANG_WARN_NON_LITERAL_NULL_CONVERSION = YES;
				CLANG_WARN_OBJC_IMPLICIT_RETAIN_SELF = YES;
				CLANG_WARN_OBJC_LITERAL_CONVERSION = YES;
				CLANG_WARN_OBJC_ROOT_CLASS = YES_ERROR;
				CLANG_WARN_QUOTED_INCLUDE_IN_FRAMEWORK_HEADER = YES;
				CLANG_WARN_RANGE_LOOP_ANALYSIS = YES;
				CLANG_WARN_STRICT_PROTOTYPES = YES;
				CLANG_WARN_SUSPICIOUS_MOVE = YES;
				CLANG_WARN_UNGUARDED_AVAILABILITY = YES_AGGRESSIVE;
				CLANG_WARN_UNREACHABLE_CODE = YES;
				CLANG_WARN__DUPLICATE_METHOD_MATCH = YES;
				COPY_PHASE_STRIP = NO;
				DEBUG_INFORMATION_FORMAT = dwarf;
				ENABLE_STRICT_OBJC_MSGSEND = YES;
				ENABLE_TESTABILITY = YES;
				GCC_C_LANGUAGE_STANDARD = gnu11;
				GCC_DYNAMIC_NO_PIC = NO;
				GCC_NO_COMMON_BLOCKS = YES;
				GCC_OPTIMIZATION_LEVEL = 0;
				GCC_PREPROCESSOR_DEFINITIONS = (
					"DEBUG=1",
					"$(inherited)",
				);
				GCC_WARN_64_TO_32_BIT_CONVERSION = YES;
				GCC_WARN_ABOUT_RETURN_TYPE = YES_ERROR;
				GCC_WARN_UNDECLARED_SELECTOR = YES;
				GCC_WARN_UNINITIALIZED_AUTOS = YES_AGGRESSIVE;
				GCC_WARN_UNUSED_FUNCTION = YES;
				GCC_WARN_UNUSED_VARIABLE = YES;
				IPHONEOS_DEPLOYMENT_TARGET = 15.0;
				MTL_ENABLE_DEBUG_INFO = INCLUDE_SOURCE;
				MTL_FAST_MATH = YES;
				ONLY_ACTIVE_ARCH = YES;
				SDKROOT = iphoneos;
				SWIFT_ACTIVE_COMPILATION_CONDITIONS = DEBUG;
				SWIFT_OPTIMIZATION_LEVEL = "-Onone";
			};
			name = Debug;
		};
		1155EF0127A654DB00579A03 /* Release */ = {
			isa = XCBuildConfiguration;
			buildSettings = {
				ALWAYS_SEARCH_USER_PATHS = NO;
				CLANG_ANALYZER_NONNULL = YES;
				CLANG_ANALYZER_NUMBER_OBJECT_CONVERSION = YES_AGGRESSIVE;
				CLANG_CXX_LANGUAGE_STANDARD = "gnu++17";
				CLANG_CXX_LIBRARY = "libc++";
				CLANG_ENABLE_MODULES = YES;
				CLANG_ENABLE_OBJC_ARC = YES;
				CLANG_ENABLE_OBJC_WEAK = YES;
				CLANG_WARN_BLOCK_CAPTURE_AUTORELEASING = YES;
				CLANG_WARN_BOOL_CONVERSION = YES;
				CLANG_WARN_COMMA = YES;
				CLANG_WARN_CONSTANT_CONVERSION = YES;
				CLANG_WARN_DEPRECATED_OBJC_IMPLEMENTATIONS = YES;
				CLANG_WARN_DIRECT_OBJC_ISA_USAGE = YES_ERROR;
				CLANG_WARN_DOCUMENTATION_COMMENTS = YES;
				CLANG_WARN_EMPTY_BODY = YES;
				CLANG_WARN_ENUM_CONVERSION = YES;
				CLANG_WARN_INFINITE_RECURSION = YES;
				CLANG_WARN_INT_CONVERSION = YES;
				CLANG_WARN_NON_LITERAL_NULL_CONVERSION = YES;
				CLANG_WARN_OBJC_IMPLICIT_RETAIN_SELF = YES;
				CLANG_WARN_OBJC_LITERAL_CONVERSION = YES;
				CLANG_WARN_OBJC_ROOT_CLASS = YES_ERROR;
				CLANG_WARN_QUOTED_INCLUDE_IN_FRAMEWORK_HEADER = YES;
				CLANG_WARN_RANGE_LOOP_ANALYSIS = YES;
				CLANG_WARN_STRICT_PROTOTYPES = YES;
				CLANG_WARN_SUSPICIOUS_MOVE = YES;
				CLANG_WARN_UNGUARDED_AVAILABILITY = YES_AGGRESSIVE;
				CLANG_WARN_UNREACHABLE_CODE = YES;
				CLANG_WARN__DUPLICATE_METHOD_MATCH = YES;
				COPY_PHASE_STRIP = NO;
				DEBUG_INFORMATION_FORMAT = "dwarf-with-dsym";
				ENABLE_NS_ASSERTIONS = NO;
				ENABLE_STRICT_OBJC_MSGSEND = YES;
				GCC_C_LANGUAGE_STANDARD = gnu11;
				GCC_NO_COMMON_BLOCKS = YES;
				GCC_WARN_64_TO_32_BIT_CONVERSION = YES;
				GCC_WARN_ABOUT_RETURN_TYPE = YES_ERROR;
				GCC_WARN_UNDECLARED_SELECTOR = YES;
				GCC_WARN_UNINITIALIZED_AUTOS = YES_AGGRESSIVE;
				GCC_WARN_UNUSED_FUNCTION = YES;
				GCC_WARN_UNUSED_VARIABLE = YES;
				IPHONEOS_DEPLOYMENT_TARGET = 15.0;
				MTL_ENABLE_DEBUG_INFO = NO;
				MTL_FAST_MATH = YES;
				SDKROOT = iphoneos;
				SWIFT_COMPILATION_MODE = wholemodule;
				SWIFT_OPTIMIZATION_LEVEL = "-O";
				VALIDATE_PRODUCT = YES;
			};
			name = Release;
		};
		1155EF0327A654DB00579A03 /* Debug */ = {
			isa = XCBuildConfiguration;
			buildSettings = {
				ASSETCATALOG_COMPILER_APPICON_NAME = AppIcon;
				ASSETCATALOG_COMPILER_GLOBAL_ACCENT_COLOR_NAME = AccentColor;
				CODE_SIGN_STYLE = Automatic;
				CURRENT_PROJECT_VERSION = 1;
				DEVELOPMENT_ASSET_PATHS = "\"url-holder/Preview Content\"";
				DEVELOPMENT_TEAM = R2E2W8YKNY;
				ENABLE_PREVIEWS = YES;
				GENERATE_INFOPLIST_FILE = YES;
				INFOPLIST_KEY_UIApplicationSceneManifest_Generation = YES;
				INFOPLIST_KEY_UIApplicationSupportsIndirectInputEvents = YES;
				INFOPLIST_KEY_UILaunchScreen_Generation = YES;
				INFOPLIST_KEY_UISupportedInterfaceOrientations_iPad = "UIInterfaceOrientationPortrait UIInterfaceOrientationPortraitUpsideDown UIInterfaceOrientationLandscapeLeft UIInterfaceOrientationLandscapeRight";
				INFOPLIST_KEY_UISupportedInterfaceOrientations_iPhone = "UIInterfaceOrientationPortrait UIInterfaceOrientationLandscapeLeft UIInterfaceOrientationLandscapeRight";
				LD_RUNPATH_SEARCH_PATHS = (
					"$(inherited)",
					"@executable_path/Frameworks",
				);
				MARKETING_VERSION = 1.0;
				PRODUCT_BUNDLE_IDENTIFIER = "com.cut0.url-holder";
				PRODUCT_NAME = "$(TARGET_NAME)";
				SWIFT_EMIT_LOC_STRINGS = YES;
				SWIFT_VERSION = 5.0;
				TARGETED_DEVICE_FAMILY = "1,2";
			};
			name = Debug;
		};
		1155EF0427A654DB00579A03 /* Release */ = {
			isa = XCBuildConfiguration;
			buildSettings = {
				ASSETCATALOG_COMPILER_APPICON_NAME = AppIcon;
				ASSETCATALOG_COMPILER_GLOBAL_ACCENT_COLOR_NAME = AccentColor;
				CODE_SIGN_STYLE = Automatic;
				CURRENT_PROJECT_VERSION = 1;
				DEVELOPMENT_ASSET_PATHS = "\"url-holder/Preview Content\"";
				DEVELOPMENT_TEAM = R2E2W8YKNY;
				ENABLE_PREVIEWS = YES;
				GENERATE_INFOPLIST_FILE = YES;
				INFOPLIST_KEY_UIApplicationSceneManifest_Generation = YES;
				INFOPLIST_KEY_UIApplicationSupportsIndirectInputEvents = YES;
				INFOPLIST_KEY_UILaunchScreen_Generation = YES;
				INFOPLIST_KEY_UISupportedInterfaceOrientations_iPad = "UIInterfaceOrientationPortrait UIInterfaceOrientationPortraitUpsideDown UIInterfaceOrientationLandscapeLeft UIInterfaceOrientationLandscapeRight";
				INFOPLIST_KEY_UISupportedInterfaceOrientations_iPhone = "UIInterfaceOrientationPortrait UIInterfaceOrientationLandscapeLeft UIInterfaceOrientationLandscapeRight";
				LD_RUNPATH_SEARCH_PATHS = (
					"$(inherited)",
					"@executable_path/Frameworks",
				);
				MARKETING_VERSION = 1.0;
				PRODUCT_BUNDLE_IDENTIFIER = "com.cut0.url-holder";
				PRODUCT_NAME = "$(TARGET_NAME)";
				SWIFT_EMIT_LOC_STRINGS = YES;
				SWIFT_VERSION = 5.0;
				TARGETED_DEVICE_FAMILY = "1,2";
			};
			name = Release;
		};
/* End XCBuildConfiguration section */

/* Begin XCConfigurationList section */
		1155EEEF27A654DA00579A03 /* Build configuration list for PBXProject "url-holder" */ = {
			isa = XCConfigurationList;
			buildConfigurations = (
				1155EF0027A654DB00579A03 /* Debug */,
				1155EF0127A654DB00579A03 /* Release */,
			);
			defaultConfigurationIsVisible = 0;
			defaultConfigurationName = Release;
		};
		1155EF0227A654DB00579A03 /* Build configuration list for PBXNativeTarget "url-holder" */ = {
			isa = XCConfigurationList;
			buildConfigurations = (
				1155EF0327A654DB00579A03 /* Debug */,
				1155EF0427A654DB00579A03 /* Release */,
			);
			defaultConfigurationIsVisible = 0;
			defaultConfigurationName = Release;
		};
/* End XCConfigurationList section */

/* Begin XCRemoteSwiftPackageReference section */
		1155EF0B27A65BD700579A03 /* XCRemoteSwiftPackageReference "OpenGraph" */ = {
			isa = XCRemoteSwiftPackageReference;
			repositoryURL = "https://github.com/satoshi-takano/OpenGraph";
			requirement = {
				kind = upToNextMajorVersion;
				minimumVersion = 1.0.0;
			};
		};
/* End XCRemoteSwiftPackageReference section */

/* Begin XCSwiftPackageProductDependency section */
		1155EF0C27A65BD700579A03 /* OpenGraph */ = {
			isa = XCSwiftPackageProductDependency;
			package = 1155EF0B27A65BD700579A03 /* XCRemoteSwiftPackageReference "OpenGraph" */;
			productName = OpenGraph;
		};
/* End XCSwiftPackageProductDependency section */
	};
	rootObject = 1155EEEC27A654DA00579A03 /* Project object */;
}
